
Microsoft Visual Studio Solution File, Format Version 12.00
# Visual Studio Version 17
VisualStudioVersion = 17.1.32407.343
MinimumVisualStudioVersion = 10.0.40219.1
Project("{FAE04EC0-301F-11D3-BF4B-00C04F79EFBC}") = "ViajerosApp", "ViajerosApp\ViajerosApp.csproj", "{B42BE999-9CC3-44F9-879D-E6397C534F0F}"
EndProject
Global
	GlobalSection(SolutionConfigurationPlatforms) = preSolution
		Debug|Any CPU = Debug|Any CPU
		Release|Any CPU = Release|Any CPU
	EndGlobalSection
	GlobalSection(ProjectConfigurationPlatforms) = postSolution
		{B42BE999-9CC3-44F9-879D-E6397C534F0F}.Debug|Any CPU.ActiveCfg = Debug|Any CPU
		{B42BE999-9CC3-44F9-879D-E6397C534F0F}.Debug|Any CPU.Build.0 = Debug|Any CPU
		{B42BE999-9CC3-44F9-879D-E6397C534F0F}.Release|Any CPU.ActiveCfg = Release|Any CPU
		{B42BE999-9CC3-44F9-879D-E6397C534F0F}.Release|Any CPU.Build.0 = Release|Any CPU
	EndGlobalSection
	GlobalSection(SolutionProperties) = preSolution
		HideSolutionNode = FALSE
	EndGlobalSection
	GlobalSection(ExtensibilityGlobals) = postSolution
		SolutionGuid = {A4B441ED-8BBC-43E1-9F17-F434A8CDBAC9}
	EndGlobalSection
EndGlobal
